
Microsoft Visual Studio Solution File, Format Version 12.00
# Visual Studio Version 17
VisualStudioVersion = 17.7.34221.43
MinimumVisualStudioVersion = 10.0.40219.1
Project("{9A19103F-16F7-4668-BE54-9A1E7A4F7556}") = "ThaiBoost", "ThaiBoost.csproj", "{8DF2F623-3BDC-4BE9-AA18-32E6E7A701CE}"
EndProject
Global
	GlobalSection(SolutionConfigurationPlatforms) = preSolution
		Debug|Any CPU = Debug|Any CPU
		Release|Any CPU = Release|Any CPU
	EndGlobalSection
	GlobalSection(ProjectConfigurationPlatforms) = postSolution
		{8DF2F623-3BDC-4BE9-AA18-32E6E7A701CE}.Debug|Any CPU.ActiveCfg = Debug|Any CPU
		{8DF2F623-3BDC-4BE9-AA18-32E6E7A701CE}.Debug|Any CPU.Build.0 = Debug|Any CPU
		{8DF2F623-3BDC-4BE9-AA18-32E6E7A701CE}.Release|Any CPU.ActiveCfg = Release|Any CPU
		{8DF2F623-3BDC-4BE9-AA18-32E6E7A701CE}.Release|Any CPU.Build.0 = Release|Any CPU
	EndGlobalSection
	GlobalSection(SolutionProperties) = preSolution
		HideSolutionNode = FALSE
	EndGlobalSection
	GlobalSection(ExtensibilityGlobals) = postSolution
		SolutionGuid = {F35B8B14-EE6C-4B78-B049-79D7E5E91755}
	EndGlobalSection
EndGlobal
